
Microsoft Visual Studio Solution File, Format Version 12.00
# Visual Studio Version 16
VisualStudioVersion = 25.0.1704.3
MinimumVisualStudioVersion = 10.0.40219.1
Project("{FAE04EC0-301F-11D3-BF4B-00C04F79EFBC}") = "HumanResource.APILayer", "HumanResource.APILayer\HumanResource.APILayer.csproj", "{DC7970AC-05F8-4EE9-8858-C27F61990C96}"
EndProject
Project("{FAE04EC0-301F-11D3-BF4B-00C04F79EFBC}") = "Hrm.ApplicationCore", "Hrm.ApplicationCore\Hrm.ApplicationCore.csproj", "{69FC3912-CDCE-4CA2-8107-489D48BF0B61}"
EndProject
Project("{FAE04EC0-301F-11D3-BF4B-00C04F79EFBC}") = "Hrm.Infrastructure", "Hrm.Infrastructure\Hrm.Infrastructure.csproj", "{B429651E-32EA-4DCA-978C-3FD112D6E4A3}"
EndProject
Global
	GlobalSection(SolutionConfigurationPlatforms) = preSolution
		Debug|Any CPU = Debug|Any CPU
		Release|Any CPU = Release|Any CPU
	EndGlobalSection
	GlobalSection(ProjectConfigurationPlatforms) = postSolution
		{DC7970AC-05F8-4EE9-8858-C27F61990C96}.Debug|Any CPU.ActiveCfg = Debug|Any CPU
		{DC7970AC-05F8-4EE9-8858-C27F61990C96}.Debug|Any CPU.Build.0 = Debug|Any CPU
		{DC7970AC-05F8-4EE9-8858-C27F61990C96}.Release|Any CPU.ActiveCfg = Release|Any CPU
		{DC7970AC-05F8-4EE9-8858-C27F61990C96}.Release|Any CPU.Build.0 = Release|Any CPU
		{69FC3912-CDCE-4CA2-8107-489D48BF0B61}.Debug|Any CPU.ActiveCfg = Debug|Any CPU
		{69FC3912-CDCE-4CA2-8107-489D48BF0B61}.Debug|Any CPU.Build.0 = Debug|Any CPU
		{69FC3912-CDCE-4CA2-8107-489D48BF0B61}.Release|Any CPU.ActiveCfg = Release|Any CPU
		{69FC3912-CDCE-4CA2-8107-489D48BF0B61}.Release|Any CPU.Build.0 = Release|Any CPU
		{B429651E-32EA-4DCA-978C-3FD112D6E4A3}.Debug|Any CPU.ActiveCfg = Debug|Any CPU
		{B429651E-32EA-4DCA-978C-3FD112D6E4A3}.Debug|Any CPU.Build.0 = Debug|Any CPU
		{B429651E-32EA-4DCA-978C-3FD112D6E4A3}.Release|Any CPU.ActiveCfg = Release|Any CPU
		{B429651E-32EA-4DCA-978C-3FD112D6E4A3}.Release|Any CPU.Build.0 = Release|Any CPU
	EndGlobalSection
	GlobalSection(SolutionProperties) = preSolution
		HideSolutionNode = FALSE
	EndGlobalSection
	GlobalSection(ExtensibilityGlobals) = postSolution
		SolutionGuid = {801526DC-8533-4619-A529-1D259E398958}
	EndGlobalSection
EndGlobal
